
Microsoft Visual Studio Solution File, Format Version 12.00
# Visual Studio Version 16
VisualStudioVersion = 16.0.29215.179
MinimumVisualStudioVersion = 10.0.40219.1
Project("{FAE04EC0-301F-11D3-BF4B-00C04F79EFBC}") = "Application Lourde", "Application Lourde\Application Lourde.csproj", "{F413010B-671D-4840-8128-482B06193764}"
EndProject
Global
	GlobalSection(SolutionConfigurationPlatforms) = preSolution
		Debug|Any CPU = Debug|Any CPU
		Release|Any CPU = Release|Any CPU
	EndGlobalSection
	GlobalSection(ProjectConfigurationPlatforms) = postSolution
		{F413010B-671D-4840-8128-482B06193764}.Debug|Any CPU.ActiveCfg = Debug|Any CPU
		{F413010B-671D-4840-8128-482B06193764}.Debug|Any CPU.Build.0 = Debug|Any CPU
		{F413010B-671D-4840-8128-482B06193764}.Release|Any CPU.ActiveCfg = Release|Any CPU
		{F413010B-671D-4840-8128-482B06193764}.Release|Any CPU.Build.0 = Release|Any CPU
	EndGlobalSection
	GlobalSection(SolutionProperties) = preSolution
		HideSolutionNode = FALSE
	EndGlobalSection
	GlobalSection(ExtensibilityGlobals) = postSolution
		SolutionGuid = {DEDD6347-4AD8-4796-88D3-610EF3DB3AE4}
	EndGlobalSection
EndGlobal
